
Microsoft Visual Studio Solution File, Format Version 12.00
# Visual Studio Version 16
VisualStudioVersion = 16.0.32630.194
MinimumVisualStudioVersion = 10.0.40219.1
Project("{FAE04EC0-301F-11D3-BF4B-00C04F79EFBC}") = "D2hUsingWpfAndWebApi", "D2hUsingWpfAndWebApi\D2hUsingWpfAndWebApi.csproj", "{F6BEF24F-E895-45D5-913E-0B41C79F6BD8}"
EndProject
Global
	GlobalSection(SolutionConfigurationPlatforms) = preSolution
		Debug|Any CPU = Debug|Any CPU
		Release|Any CPU = Release|Any CPU
	EndGlobalSection
	GlobalSection(ProjectConfigurationPlatforms) = postSolution
		{F6BEF24F-E895-45D5-913E-0B41C79F6BD8}.Debug|Any CPU.ActiveCfg = Debug|Any CPU
		{F6BEF24F-E895-45D5-913E-0B41C79F6BD8}.Debug|Any CPU.Build.0 = Debug|Any CPU
		{F6BEF24F-E895-45D5-913E-0B41C79F6BD8}.Release|Any CPU.ActiveCfg = Release|Any CPU
		{F6BEF24F-E895-45D5-913E-0B41C79F6BD8}.Release|Any CPU.Build.0 = Release|Any CPU
	EndGlobalSection
	GlobalSection(SolutionProperties) = preSolution
		HideSolutionNode = FALSE
	EndGlobalSection
	GlobalSection(ExtensibilityGlobals) = postSolution
		SolutionGuid = {BC0A2647-A6AD-49BF-AB0D-E4C76E5DDE69}
	EndGlobalSection
EndGlobal
